
Microsoft Visual Studio Solution File, Format Version 12.00
# Visual Studio 15
Project("{FAE04EC0-301F-11D3-BF4B-00C04F79EFBC}") = "Assembly-CSharp", "Assembly-CSharp.csproj", "{D0915792-B65D-9085-7498-284881CD5BB0}"
EndProject
Project("{FAE04EC0-301F-11D3-BF4B-00C04F79EFBC}") = "Assembly-CSharp-Editor", "Assembly-CSharp-Editor.csproj", "{69354F2D-FA5A-C1FF-67DB-4139D7E324E0}"
EndProject
Project("{FAE04EC0-301F-11D3-BF4B-00C04F79EFBC}") = "Assembly-CSharp-Editor-firstpass", "Assembly-CSharp-Editor-firstpass.csproj", "{ECF6AA43-8CB6-6D6B-75BB-741539F60084}"
EndProject
Global
	GlobalSection(SolutionConfigurationPlatforms) = preSolution
		Debug|Any CPU = Debug|Any CPU
		Release|Any CPU = Release|Any CPU
	EndGlobalSection
	GlobalSection(ProjectConfigurationPlatforms) = postSolution
		{D0915792-B65D-9085-7498-284881CD5BB0}.Debug|Any CPU.ActiveCfg = Debug|Any CPU
		{D0915792-B65D-9085-7498-284881CD5BB0}.Debug|Any CPU.Build.0 = Debug|Any CPU
		{D0915792-B65D-9085-7498-284881CD5BB0}.Release|Any CPU.ActiveCfg = Release|Any CPU
		{D0915792-B65D-9085-7498-284881CD5BB0}.Release|Any CPU.Build.0 = Release|Any CPU
		{69354F2D-FA5A-C1FF-67DB-4139D7E324E0}.Debug|Any CPU.ActiveCfg = Debug|Any CPU
		{69354F2D-FA5A-C1FF-67DB-4139D7E324E0}.Debug|Any CPU.Build.0 = Debug|Any CPU
		{69354F2D-FA5A-C1FF-67DB-4139D7E324E0}.Release|Any CPU.ActiveCfg = Release|Any CPU
		{69354F2D-FA5A-C1FF-67DB-4139D7E324E0}.Release|Any CPU.Build.0 = Release|Any CPU
		{ECF6AA43-8CB6-6D6B-75BB-741539F60084}.Debug|Any CPU.ActiveCfg = Debug|Any CPU
		{ECF6AA43-8CB6-6D6B-75BB-741539F60084}.Debug|Any CPU.Build.0 = Debug|Any CPU
		{ECF6AA43-8CB6-6D6B-75BB-741539F60084}.Release|Any CPU.ActiveCfg = Release|Any CPU
		{ECF6AA43-8CB6-6D6B-75BB-741539F60084}.Release|Any CPU.Build.0 = Release|Any CPU
	EndGlobalSection
	GlobalSection(SolutionProperties) = preSolution
		HideSolutionNode = FALSE
	EndGlobalSection
EndGlobal
